
Microsoft Visual Studio Solution File, Format Version 12.00
# Visual Studio Version 17
VisualStudioVersion = 17.2.32616.157
MinimumVisualStudioVersion = 10.0.40219.1
Project("{FAE04EC0-301F-11D3-BF4B-00C04F79EFBC}") = "gaming1", "gaming1\gaming1.csproj", "{8438DE48-B654-4594-8084-00B3AFA7B487}"
EndProject
Project("{FAE04EC0-301F-11D3-BF4B-00C04F79EFBC}") = "gaming1.executor", "gaming1.executor\gaming1.executor.csproj", "{187ADA31-CF99-44C2-AFB3-518622E10205}"
EndProject
Project("{FAE04EC0-301F-11D3-BF4B-00C04F79EFBC}") = "gaming1.iexecutor", "gaming1.iexecutor\gaming1.iexecutor.csproj", "{4ED370C2-9892-4AB3-9B8E-952D198BE093}"
EndProject
Project("{FAE04EC0-301F-11D3-BF4B-00C04F79EFBC}") = "gaming1.crossCutting", "gaming1.cross-cutting\gaming1.crossCutting.csproj", "{AEE2B2B5-1C16-4D3A-BF6C-9B691496D5C2}"
EndProject
Project("{FAE04EC0-301F-11D3-BF4B-00C04F79EFBC}") = "gaming1.test", "gaming1.test\gaming1.test.csproj", "{5DE3A398-1041-4AB0-B2A8-AF6937ED8EBA}"
EndProject
Global
	GlobalSection(SolutionConfigurationPlatforms) = preSolution
		Debug|Any CPU = Debug|Any CPU
		Release|Any CPU = Release|Any CPU
	EndGlobalSection
	GlobalSection(ProjectConfigurationPlatforms) = postSolution
		{8438DE48-B654-4594-8084-00B3AFA7B487}.Debug|Any CPU.ActiveCfg = Debug|Any CPU
		{8438DE48-B654-4594-8084-00B3AFA7B487}.Debug|Any CPU.Build.0 = Debug|Any CPU
		{8438DE48-B654-4594-8084-00B3AFA7B487}.Release|Any CPU.ActiveCfg = Release|Any CPU
		{8438DE48-B654-4594-8084-00B3AFA7B487}.Release|Any CPU.Build.0 = Release|Any CPU
		{187ADA31-CF99-44C2-AFB3-518622E10205}.Debug|Any CPU.ActiveCfg = Debug|Any CPU
		{187ADA31-CF99-44C2-AFB3-518622E10205}.Debug|Any CPU.Build.0 = Debug|Any CPU
		{187ADA31-CF99-44C2-AFB3-518622E10205}.Release|Any CPU.ActiveCfg = Release|Any CPU
		{187ADA31-CF99-44C2-AFB3-518622E10205}.Release|Any CPU.Build.0 = Release|Any CPU
		{4ED370C2-9892-4AB3-9B8E-952D198BE093}.Debug|Any CPU.ActiveCfg = Debug|Any CPU
		{4ED370C2-9892-4AB3-9B8E-952D198BE093}.Debug|Any CPU.Build.0 = Debug|Any CPU
		{4ED370C2-9892-4AB3-9B8E-952D198BE093}.Release|Any CPU.ActiveCfg = Release|Any CPU
		{4ED370C2-9892-4AB3-9B8E-952D198BE093}.Release|Any CPU.Build.0 = Release|Any CPU
		{AEE2B2B5-1C16-4D3A-BF6C-9B691496D5C2}.Debug|Any CPU.ActiveCfg = Debug|Any CPU
		{AEE2B2B5-1C16-4D3A-BF6C-9B691496D5C2}.Debug|Any CPU.Build.0 = Debug|Any CPU
		{AEE2B2B5-1C16-4D3A-BF6C-9B691496D5C2}.Release|Any CPU.ActiveCfg = Release|Any CPU
		{AEE2B2B5-1C16-4D3A-BF6C-9B691496D5C2}.Release|Any CPU.Build.0 = Release|Any CPU
		{5DE3A398-1041-4AB0-B2A8-AF6937ED8EBA}.Debug|Any CPU.ActiveCfg = Debug|Any CPU
		{5DE3A398-1041-4AB0-B2A8-AF6937ED8EBA}.Debug|Any CPU.Build.0 = Debug|Any CPU
		{5DE3A398-1041-4AB0-B2A8-AF6937ED8EBA}.Release|Any CPU.ActiveCfg = Release|Any CPU
		{5DE3A398-1041-4AB0-B2A8-AF6937ED8EBA}.Release|Any CPU.Build.0 = Release|Any CPU
	EndGlobalSection
	GlobalSection(SolutionProperties) = preSolution
		HideSolutionNode = FALSE
	EndGlobalSection
	GlobalSection(ExtensibilityGlobals) = postSolution
		SolutionGuid = {A5974213-D909-4886-80FA-2BAC951E0888}
	EndGlobalSection
EndGlobal
